
Microsoft Visual Studio Solution File, Format Version 12.00
# Visual Studio Version 17
VisualStudioVersion = 17.12.35707.178 d17.12
MinimumVisualStudioVersion = 10.0.40219.1
Project("{FAE04EC0-301F-11D3-BF4B-00C04F79EFBC}") = "WInContainer", "WInContainer\WInContainer.csproj", "{EB60C2D8-6C22-400E-A4CF-7EFB4F02E376}"
EndProject
Global
	GlobalSection(SolutionConfigurationPlatforms) = preSolution
		Debug|Any CPU = Debug|Any CPU
		Release|Any CPU = Release|Any CPU
	EndGlobalSection
	GlobalSection(ProjectConfigurationPlatforms) = postSolution
		{EB60C2D8-6C22-400E-A4CF-7EFB4F02E376}.Debug|Any CPU.ActiveCfg = Debug|Any CPU
		{EB60C2D8-6C22-400E-A4CF-7EFB4F02E376}.Debug|Any CPU.Build.0 = Debug|Any CPU
		{EB60C2D8-6C22-400E-A4CF-7EFB4F02E376}.Release|Any CPU.ActiveCfg = Release|Any CPU
		{EB60C2D8-6C22-400E-A4CF-7EFB4F02E376}.Release|Any CPU.Build.0 = Release|Any CPU
	EndGlobalSection
	GlobalSection(SolutionProperties) = preSolution
		HideSolutionNode = FALSE
	EndGlobalSection
EndGlobal
